
Microsoft Visual Studio Solution File, Format Version 12.00
Project("{FAE04EC0-301F-11D3-BF4B-00C04F79EFBC}") = "Program", "Program\Program.csproj", "{A50FC251-E345-4887-B933-CEF40D43E22E}"
EndProject
Global
	GlobalSection(SolutionConfigurationPlatforms) = preSolution
		Debug|Any CPU = Debug|Any CPU
		Release|Any CPU = Release|Any CPU
	EndGlobalSection
	GlobalSection(ProjectConfigurationPlatforms) = postSolution
		{A50FC251-E345-4887-B933-CEF40D43E22E}.Debug|Any CPU.ActiveCfg = Debug|Any CPU
		{A50FC251-E345-4887-B933-CEF40D43E22E}.Debug|Any CPU.Build.0 = Debug|Any CPU
		{A50FC251-E345-4887-B933-CEF40D43E22E}.Release|Any CPU.ActiveCfg = Release|Any CPU
		{A50FC251-E345-4887-B933-CEF40D43E22E}.Release|Any CPU.Build.0 = Release|Any CPU
	EndGlobalSection
EndGlobal
